
Microsoft Visual Studio Solution File, Format Version 12.00
# Visual Studio Version 17
VisualStudioVersion = 17.1.32407.343
MinimumVisualStudioVersion = 10.0.40219.1
Project("{FAE04EC0-301F-11D3-BF4B-00C04F79EFBC}") = "OS_48", "OS_48\OS_48.csproj", "{EB7C8586-EDA3-4EE9-8FDB-B9685180AC9F}"
EndProject
Global
	GlobalSection(SolutionConfigurationPlatforms) = preSolution
		Debug|Any CPU = Debug|Any CPU
		Release|Any CPU = Release|Any CPU
	EndGlobalSection
	GlobalSection(ProjectConfigurationPlatforms) = postSolution
		{EB7C8586-EDA3-4EE9-8FDB-B9685180AC9F}.Debug|Any CPU.ActiveCfg = Debug|Any CPU
		{EB7C8586-EDA3-4EE9-8FDB-B9685180AC9F}.Debug|Any CPU.Build.0 = Debug|Any CPU
		{EB7C8586-EDA3-4EE9-8FDB-B9685180AC9F}.Release|Any CPU.ActiveCfg = Release|Any CPU
		{EB7C8586-EDA3-4EE9-8FDB-B9685180AC9F}.Release|Any CPU.Build.0 = Release|Any CPU
	EndGlobalSection
	GlobalSection(SolutionProperties) = preSolution
		HideSolutionNode = FALSE
	EndGlobalSection
	GlobalSection(ExtensibilityGlobals) = postSolution
		SolutionGuid = {AFE46F26-B84B-4972-BA34-963B47161D5E}
	EndGlobalSection
EndGlobal
